
Microsoft Visual Studio Solution File, Format Version 12.00
# Visual Studio Version 17
VisualStudioVersion = 17.9.34714.143
MinimumVisualStudioVersion = 10.0.40219.1
Project("{8BC9CEB8-8B4A-11D0-8D11-00A0C91BC942}") = "week_03", "week_03\week_03.vcxproj", "{0581D373-896D-4A5B-A15A-E59AC3185A52}"
EndProject
Global
	GlobalSection(SolutionConfigurationPlatforms) = preSolution
		Debug|x64 = Debug|x64
		Debug|x86 = Debug|x86
		Release|x64 = Release|x64
		Release|x86 = Release|x86
	EndGlobalSection
	GlobalSection(ProjectConfigurationPlatforms) = postSolution
		{0581D373-896D-4A5B-A15A-E59AC3185A52}.Debug|x64.ActiveCfg = Debug|x64
		{0581D373-896D-4A5B-A15A-E59AC3185A52}.Debug|x64.Build.0 = Debug|x64
		{0581D373-896D-4A5B-A15A-E59AC3185A52}.Debug|x86.ActiveCfg = Debug|Win32
		{0581D373-896D-4A5B-A15A-E59AC3185A52}.Debug|x86.Build.0 = Debug|Win32
		{0581D373-896D-4A5B-A15A-E59AC3185A52}.Release|x64.ActiveCfg = Release|x64
		{0581D373-896D-4A5B-A15A-E59AC3185A52}.Release|x64.Build.0 = Release|x64
		{0581D373-896D-4A5B-A15A-E59AC3185A52}.Release|x86.ActiveCfg = Release|Win32
		{0581D373-896D-4A5B-A15A-E59AC3185A52}.Release|x86.Build.0 = Release|Win32
	EndGlobalSection
	GlobalSection(SolutionProperties) = preSolution
		HideSolutionNode = FALSE
	EndGlobalSection
	GlobalSection(ExtensibilityGlobals) = postSolution
		SolutionGuid = {394C7DE2-4600-43D0-B7C4-35434D8205DB}
	EndGlobalSection
EndGlobal
