
Microsoft Visual Studio Solution File, Format Version 12.00
# Visual Studio Version 17
VisualStudioVersion = 17.9.34714.143
MinimumVisualStudioVersion = 10.0.40219.1
Project("{8BC9CEB8-8B4A-11D0-8D11-00A0C91BC942}") = "day28", "day28\day28.vcxproj", "{C75356CB-F8C4-46D0-BA3E-C04DF0B72687}"
EndProject
Global
	GlobalSection(SolutionConfigurationPlatforms) = preSolution
		Debug|x64 = Debug|x64
		Debug|x86 = Debug|x86
		Release|x64 = Release|x64
		Release|x86 = Release|x86
	EndGlobalSection
	GlobalSection(ProjectConfigurationPlatforms) = postSolution
		{C75356CB-F8C4-46D0-BA3E-C04DF0B72687}.Debug|x64.ActiveCfg = Debug|x64
		{C75356CB-F8C4-46D0-BA3E-C04DF0B72687}.Debug|x64.Build.0 = Debug|x64
		{C75356CB-F8C4-46D0-BA3E-C04DF0B72687}.Debug|x86.ActiveCfg = Debug|Win32
		{C75356CB-F8C4-46D0-BA3E-C04DF0B72687}.Debug|x86.Build.0 = Debug|Win32
		{C75356CB-F8C4-46D0-BA3E-C04DF0B72687}.Release|x64.ActiveCfg = Release|x64
		{C75356CB-F8C4-46D0-BA3E-C04DF0B72687}.Release|x64.Build.0 = Release|x64
		{C75356CB-F8C4-46D0-BA3E-C04DF0B72687}.Release|x86.ActiveCfg = Release|Win32
		{C75356CB-F8C4-46D0-BA3E-C04DF0B72687}.Release|x86.Build.0 = Release|Win32
	EndGlobalSection
	GlobalSection(SolutionProperties) = preSolution
		HideSolutionNode = FALSE
	EndGlobalSection
	GlobalSection(ExtensibilityGlobals) = postSolution
		SolutionGuid = {30F3A994-8098-403E-9064-C5FB14416A91}
	EndGlobalSection
EndGlobal
