
Microsoft Visual Studio Solution File, Format Version 12.00
# Visual Studio Version 17
VisualStudioVersion = 17.9.34714.143
MinimumVisualStudioVersion = 10.0.40219.1
Project("{8BC9CEB8-8B4A-11D0-8D11-00A0C91BC942}") = "day50", "day50.vcxproj", "{A29674E8-B5D0-4C7B-A7BE-22DFB74CCCB7}"
EndProject
Global
	GlobalSection(SolutionConfigurationPlatforms) = preSolution
		Debug|x64 = Debug|x64
		Debug|x86 = Debug|x86
		Release|x64 = Release|x64
		Release|x86 = Release|x86
	EndGlobalSection
	GlobalSection(ProjectConfigurationPlatforms) = postSolution
		{A29674E8-B5D0-4C7B-A7BE-22DFB74CCCB7}.Debug|x64.ActiveCfg = Debug|x64
		{A29674E8-B5D0-4C7B-A7BE-22DFB74CCCB7}.Debug|x64.Build.0 = Debug|x64
		{A29674E8-B5D0-4C7B-A7BE-22DFB74CCCB7}.Debug|x86.ActiveCfg = Debug|Win32
		{A29674E8-B5D0-4C7B-A7BE-22DFB74CCCB7}.Debug|x86.Build.0 = Debug|Win32
		{A29674E8-B5D0-4C7B-A7BE-22DFB74CCCB7}.Release|x64.ActiveCfg = Release|x64
		{A29674E8-B5D0-4C7B-A7BE-22DFB74CCCB7}.Release|x64.Build.0 = Release|x64
		{A29674E8-B5D0-4C7B-A7BE-22DFB74CCCB7}.Release|x86.ActiveCfg = Release|Win32
		{A29674E8-B5D0-4C7B-A7BE-22DFB74CCCB7}.Release|x86.Build.0 = Release|Win32
	EndGlobalSection
	GlobalSection(SolutionProperties) = preSolution
		HideSolutionNode = FALSE
	EndGlobalSection
	GlobalSection(ExtensibilityGlobals) = postSolution
		SolutionGuid = {2B24FC1A-B901-4254-A731-F6FBC5D1C73F}
	EndGlobalSection
EndGlobal
